// !$*UTF8*$!
{
	archiveVersion = 1;
	classes = {
	};
	objectVersion = 46;
	objects = {

/* Begin PBXBuildFile section */
		775662191AA5727800B74919 /* AppDelegate.swift in Sources */ = {isa = PBXBuildFile; fileRef = 775662181AA5727800B74919 /* AppDelegate.swift */; };
		7756621B1AA5727800B74919 /* ViewController.swift in Sources */ = {isa = PBXBuildFile; fileRef = 7756621A1AA5727800B74919 /* ViewController.swift */; };
		7756621E1AA5727800B74919 /* Main.storyboard in Resources */ = {isa = PBXBuildFile; fileRef = 7756621C1AA5727800B74919 /* Main.storyboard */; };
		775662201AA5727800B74919 /* Images.xcassets in Resources */ = {isa = PBXBuildFile; fileRef = 7756621F1AA5727800B74919 /* Images.xcassets */; };
		775662231AA5727800B74919 /* LaunchScreen.xib in Resources */ = {isa = PBXBuildFile; fileRef = 775662211AA5727800B74919 /* LaunchScreen.xib */; };
		7756622F1AA5727800B74919 /* WhereAmITests.swift in Sources */ = {isa = PBXBuildFile; fileRef = 7756622E1AA5727800B74919 /* WhereAmITests.swift */; };
/* End PBXBuildFile section */

/* Begin PBXContainerItemProxy section */
		775662291AA5727800B74919 /* PBXContainerItemProxy */ = {
			isa = PBXContainerItemProxy;
			containerPortal = 7756620B1AA5727800B74919 /* Project object */;
			proxyType = 1;
			remoteGlobalIDString = 775662121AA5727800B74919;
			remoteInfo = WhereAmI;
		};
/* End PBXContainerItemProxy section */

/* Begin PBXFileReference section */
		775662131AA5727800B74919 /* WhereAmI.app */ = {isa = PBXFileReference; explicitFileType = wrapper.application; includeInIndex = 0; path = WhereAmI.app; sourceTree = BUILT_PRODUCTS_DIR; };
		775662171AA5727800B74919 /* Info.plist */ = {isa = PBXFileReference; lastKnownFileType = text.plist.xml; path = Info.plist; sourceTree = "<group>"; };
		775662181AA5727800B74919 /* AppDelegate.swift */ = {isa = PBXFileReference; lastKnownFileType = sourcecode.swift; path = AppDelegate.swift; sourceTree = "<group>"; };
		7756621A1AA5727800B74919 /* ViewController.swift */ = {isa = PBXFileReference; lastKnownFileType = sourcecode.swift; path = ViewController.swift; sourceTree = "<group>"; };
		7756621D1AA5727800B74919 /* Base */ = {isa = PBXFileReference; lastKnownFileType = file.storyboard; name = Base; path = Base.lproj/Main.storyboard; sourceTree = "<group>"; };
		7756621F1AA5727800B74919 /* Images.xcassets */ = {isa = PBXFileReference; lastKnownFileType = folder.assetcatalog; path = Images.xcassets; sourceTree = "<group>"; };
		775662221AA5727800B74919 /* Base */ = {isa = PBXFileReference; lastKnownFileType = file.xib; name = Base; path = Base.lproj/LaunchScreen.xib; sourceTree = "<group>"; };
		775662281AA5727800B74919 /* WhereAmITests.xctest */ = {isa = PBXFileReference; explicitFileType = wrapper.cfbundle; includeInIndex = 0; path = WhereAmITests.xctest; sourceTree = BUILT_PRODUCTS_DIR; };
		7756622D1AA5727800B74919 /* Info.plist */ = {isa = PBXFileReference; lastKnownFileType = text.plist.xml; path = Info.plist; sourceTree = "<group>"; };
		7756622E1AA5727800B74919 /* WhereAmITests.swift */ = {isa = PBXFileReference; lastKnownFileType = sourcecode.swift; path = WhereAmITests.swift; sourceTree = "<group>"; };
/* End PBXFileReference section */

/* Begin PBXFrameworksBuildPhase section */
		775662101AA5727800B74919 /* Frameworks */ = {
			isa = PBXFrameworksBuildPhase;
			buildActionMask = 2147483647;
			files = (
			);
			runOnlyForDeploymentPostprocessing = 0;
		};
		775662251AA5727800B74919 /* Frameworks */ = {
			isa = PBXFrameworksBuildPhase;
			buildActionMask = 2147483647;
			files = (
			);
			runOnlyForDeploymentPostprocessing = 0;
		};
/* End PBXFrameworksBuildPhase section */

/* Begin PBXGroup section */
		7756620A1AA5727800B74919 = {
			isa = PBXGroup;
			children = (
				775662151AA5727800B74919 /* WhereAmI */,
				7756622B1AA5727800B74919 /* WhereAmITests */,
				775662141AA5727800B74919 /* Products */,
			);
			sourceTree = "<group>";
		};
		775662141AA5727800B74919 /* Products */ = {
			isa = PBXGroup;
			children = (
				775662131AA5727800B74919 /* WhereAmI.app */,
				775662281AA5727800B74919 /* WhereAmITests.xctest */,
			);
			name = Products;
			sourceTree = "<group>";
		};
		775662151AA5727800B74919 /* WhereAmI */ = {
			isa = PBXGroup;
			children = (
				775662181AA5727800B74919 /* AppDelegate.swift */,
				7756621A1AA5727800B74919 /* ViewController.swift */,
				7756621C1AA5727800B74919 /* Main.storyboard */,
				7756621F1AA5727800B74919 /* Images.xcassets */,
				775662211AA5727800B74919 /* LaunchScreen.xib */,
				775662161AA5727800B74919 /* Supporting Files */,
			);
			path = WhereAmI;
			sourceTree = "<group>";
		};
		775662161AA5727800B74919 /* Supporting Files */ = {
			isa = PBXGroup;
			children = (
				775662171AA5727800B74919 /* Info.plist */,
			);
			name = "Supporting Files";
			sourceTree = "<group>";
		};
		7756622B1AA5727800B74919 /* WhereAmITests */ = {
			isa = PBXGroup;
			children = (
				7756622E1AA5727800B74919 /* WhereAmITests.swift */,
				7756622C1AA5727800B74919 /* Supporting Files */,
			);
			path = WhereAmITests;
			sourceTree = "<group>";
		};
		7756622C1AA5727800B74919 /* Supporting Files */ = {
			isa = PBXGroup;
			children = (
				7756622D1AA5727800B74919 /* Info.plist */,
			);
			name = "Supporting Files";
			sourceTree = "<group>";
		};
/* End PBXGroup section */

/* Begin PBXNativeTarget section */
		775662121AA5727800B74919 /* WhereAmI */ = {
			isa = PBXNativeTarget;
			buildConfigurationList = 775662321AA5727800B74919 /* Build configuration list for PBXNativeTarget "WhereAmI" */;
			buildPhases = (
				7756620F1AA5727800B74919 /* Sources */,
				775662101AA5727800B74919 /* Frameworks */,
				775662111AA5727800B74919 /* Resources */,
			);
			buildRules = (
			);
			dependencies = (
			);
			name = WhereAmI;
			productName = WhereAmI;
			productReference = 775662131AA5727800B74919 /* WhereAmI.app */;
			productType = "com.apple.product-type.application";
		};
		775662271AA5727800B74919 /* WhereAmITests */ = {
			isa = PBXNativeTarget;
			buildConfigurationList = 775662351AA5727800B74919 /* Build configuration list for PBXNativeTarget "WhereAmITests" */;
			buildPhases = (
				775662241AA5727800B74919 /* Sources */,
				775662251AA5727800B74919 /* Frameworks */,
				775662261AA5727800B74919 /* Resources */,
			);
			buildRules = (
			);
			dependencies = (
				7756622A1AA5727800B74919 /* PBXTargetDependency */,
			);
			name = WhereAmITests;
			productName = WhereAmITests;
			productReference = 775662281AA5727800B74919 /* WhereAmITests.xctest */;
			productType = "com.apple.product-type.bundle.unit-test";
		};
/* End PBXNativeTarget section */

/* Begin PBXProject section */
		7756620B1AA5727800B74919 /* Project object */ = {
			isa = PBXProject;
			attributes = {
				LastUpgradeCheck = 0610;
				ORGANIZATIONNAME = "Rommel Rico";
				TargetAttributes = {
					775662121AA5727800B74919 = {
						CreatedOnToolsVersion = 6.1.1;
					};
					775662271AA5727800B74919 = {
						CreatedOnToolsVersion = 6.1.1;
						TestTargetID = 775662121AA5727800B74919;
					};
				};
			};
			buildConfigurationList = 7756620E1AA5727800B74919 /* Build configuration list for PBXProject "WhereAmI" */;
			compatibilityVersion = "Xcode 3.2";
			developmentRegion = English;
			hasScannedForEncodings = 0;
			knownRegions = (
				en,
				Base,
			);
			mainGroup = 7756620A1AA5727800B74919;
			productRefGroup = 775662141AA5727800B74919 /* Products */;
			projectDirPath = "";
			projectRoot = "";
			targets = (
				775662121AA5727800B74919 /* WhereAmI */,
				775662271AA5727800B74919 /* WhereAmITests */,
			);
		};
/* End PBXProject section */

/* Begin PBXResourcesBuildPhase section */
		775662111AA5727800B74919 /* Resources */ = {
			isa = PBXResourcesBuildPhase;
			buildActionMask = 2147483647;
			files = (
				7756621E1AA5727800B74919 /* Main.storyboard in Resources */,
				775662231AA5727800B74919 /* LaunchScreen.xib in Resources */,
				775662201AA5727800B74919 /* Images.xcassets in Resources */,
			);
			runOnlyForDeploymentPostprocessing = 0;
		};
		775662261AA5727800B74919 /* Resources */ = {
			isa = PBXResourcesBuildPhase;
			buildActionMask = 2147483647;
			files = (
			);
			runOnlyForDeploymentPostprocessing = 0;
		};
/* End PBXResourcesBuildPhase section */

/* Begin PBXSourcesBuildPhase section */
		7756620F1AA5727800B74919 /* Sources */ = {
			isa = PBXSourcesBuildPhase;
			buildActionMask = 2147483647;
			files = (
				7756621B1AA5727800B74919 /* ViewController.swift in Sources */,
				775662191AA5727800B74919 /* AppDelegate.swift in Sources */,
			);
			runOnlyForDeploymentPostprocessing = 0;
		};
		775662241AA5727800B74919 /* Sources */ = {
			isa = PBXSourcesBuildPhase;
			buildActionMask = 2147483647;
			files = (
				7756622F1AA5727800B74919 /* WhereAmITests.swift in Sources */,
			);
			runOnlyForDeploymentPostprocessing = 0;
		};
/* End PBXSourcesBuildPhase section */

/* Begin PBXTargetDependency section */
		7756622A1AA5727800B74919 /* PBXTargetDependency */ = {
			isa = PBXTargetDependency;
			target = 775662121AA5727800B74919 /* WhereAmI */;
			targetProxy = 775662291AA5727800B74919 /* PBXContainerItemProxy */;
		};
/* End PBXTargetDependency section */

/* Begin PBXVariantGroup section */
		7756621C1AA5727800B74919 /* Main.storyboard */ = {
			isa = PBXVariantGroup;
			children = (
				7756621D1AA5727800B74919 /* Base */,
			);
			name = Main.storyboard;
			sourceTree = "<group>";
		};
		775662211AA5727800B74919 /* LaunchScreen.xib */ = {
			isa = PBXVariantGroup;
			children = (
				775662221AA5727800B74919 /* Base */,
			);
			name = LaunchScreen.xib;
			sourceTree = "<group>";
		};
/* End PBXVariantGroup section */

/* Begin XCBuildConfiguration section */
		775662301AA5727800B74919 /* Debug */ = {
			isa = XCBuildConfiguration;
			buildSettings = {
				ALWAYS_SEARCH_USER_PATHS = NO;
				CLANG_CXX_LANGUAGE_STANDARD = "gnu++0x";
				CLANG_CXX_LIBRARY = "libc++";
				CLANG_ENABLE_MODULES = YES;
				CLANG_ENABLE_OBJC_ARC = YES;
				CLANG_WARN_BOOL_CONVERSION = YES;
				CLANG_WARN_CONSTANT_CONVERSION = YES;
				CLANG_WARN_DIRECT_OBJC_ISA_USAGE = YES_ERROR;
				CLANG_WARN_EMPTY_BODY = YES;
				CLANG_WARN_ENUM_CONVERSION = YES;
				CLANG_WARN_INT_CONVERSION = YES;
				CLANG_WARN_OBJC_ROOT_CLASS = YES_ERROR;
				CLANG_WARN_UNREACHABLE_CODE = YES;
				CLANG_WARN__DUPLICATE_METHOD_MATCH = YES;
				"CODE_SIGN_IDENTITY[sdk=iphoneos*]" = "iPhone Developer";
				COPY_PHASE_STRIP = NO;
				ENABLE_STRICT_OBJC_MSGSEND = YES;
				GCC_C_LANGUAGE_STANDARD = gnu99;
				GCC_DYNAMIC_NO_PIC = NO;
				GCC_OPTIMIZATION_LEVEL = 0;
				GCC_PREPROCESSOR_DEFINITIONS = (
					"DEBUG=1",
					"$(inherited)",
				);
				GCC_SYMBOLS_PRIVATE_EXTERN = NO;
				GCC_WARN_64_TO_32_BIT_CONVERSION = YES;
				GCC_WARN_ABOUT_RETURN_TYPE = YES_ERROR;
				GCC_WARN_UNDECLARED_SELECTOR = YES;
				GCC_WARN_UNINITIALIZED_AUTOS = YES_AGGRESSIVE;
				GCC_WARN_UNUSED_FUNCTION = YES;
				GCC_WARN_UNUSED_VARIABLE = YES;
				IPHONEOS_DEPLOYMENT_TARGET = 8.1;
				MTL_ENABLE_DEBUG_INFO = YES;
				ONLY_ACTIVE_ARCH = YES;
				SDKROOT = iphoneos;
				SWIFT_OPTIMIZATION_LEVEL = "-Onone";
				TARGETED_DEVICE_FAMILY = "1,2";
			};
			name = Debug;
		};
		775662311AA5727800B74919 /* Release */ = {
			isa = XCBuildConfiguration;
			buildSettings = {
				ALWAYS_SEARCH_USER_PATHS = NO;
				CLANG_CXX_LANGUAGE_STANDARD = "gnu++0x";
				CLANG_CXX_LIBRARY = "libc++";
				CLANG_ENABLE_MODULES = YES;
				CLANG_ENABLE_OBJC_ARC = YES;
				CLANG_WARN_BOOL_CONVERSION = YES;
				CLANG_WARN_CONSTANT_CONVERSION = YES;
				CLANG_WARN_DIRECT_OBJC_ISA_USAGE = YES_ERROR;
				CLANG_WARN_EMPTY_BODY = YES;
				CLANG_WARN_ENUM_CONVERSION = YES;
				CLANG_WARN_INT_CONVERSION = YES;
				CLANG_WARN_OBJC_ROOT_CLASS = YES_ERROR;
				CLANG_WARN_UNREACHABLE_CODE = YES;
				CLANG_WARN__DUPLICATE_METHOD_MATCH = YES;
				"CODE_SIGN_IDENTITY[sdk=iphoneos*]" = "iPhone Developer";
				COPY_PHASE_STRIP = YES;
				ENABLE_NS_ASSERTIONS = NO;
				ENABLE_STRICT_OBJC_MSGSEND = YES;
				GCC_C_LANGUAGE_STANDARD = gnu99;
				GCC_WARN_64_TO_32_BIT_CONVERSION = YES;
				GCC_WARN_ABOUT_RETURN_TYPE = YES_ERROR;
				GCC_WARN_UNDECLARED_SELECTOR = YES;
				GCC_WARN_UNINITIALIZED_AUTOS = YES_AGGRESSIVE;
				GCC_WARN_UNUSED_FUNCTION = YES;
				GCC_WARN_UNUSED_VARIABLE = YES;
				IPHONEOS_DEPLOYMENT_TARGET = 8.1;
				MTL_ENABLE_DEBUG_INFO = NO;
				SDKROOT = iphoneos;
				TARGETED_DEVICE_FAMILY = "1,2";
				VALIDATE_PRODUCT = YES;
			};
			name = Release;
		};
		775662331AA5727800B74919 /* Debug */ = {
			isa = XCBuildConfiguration;
			buildSettings = {
				ASSETCATALOG_COMPILER_APPICON_NAME = AppIcon;
				INFOPLIST_FILE = WhereAmI/Info.plist;
				LD_RUNPATH_SEARCH_PATHS = "$(inherited) @executable_path/Frameworks";
				PRODUCT_NAME = "$(TARGET_NAME)";
			};
			name = Debug;
		};
		775662341AA5727800B74919 /* Release */ = {
			isa = XCBuildConfiguration;
			buildSettings = {
				ASSETCATALOG_COMPILER_APPICON_NAME = AppIcon;
				INFOPLIST_FILE = WhereAmI/Info.plist;
				LD_RUNPATH_SEARCH_PATHS = "$(inherited) @executable_path/Frameworks";
				PRODUCT_NAME = "$(TARGET_NAME)";
			};
			name = Release;
		};
		775662361AA5727800B74919 /* Debug */ = {
			isa = XCBuildConfiguration;
			buildSettings = {
				BUNDLE_LOADER = "$(TEST_HOST)";
				FRAMEWORK_SEARCH_PATHS = (
					"$(SDKROOT)/Developer/Library/Frameworks",
					"$(inherited)",
				);
				GCC_PREPROCESSOR_DEFINITIONS = (
					"DEBUG=1",
					"$(inherited)",
				);
				INFOPLIST_FILE = WhereAmITests/Info.plist;
				LD_RUNPATH_SEARCH_PATHS = "$(inherited) @executable_path/Frameworks @loader_path/Frameworks";
				PRODUCT_NAME = "$(TARGET_NAME)";
				TEST_HOST = "$(BUILT_PRODUCTS_DIR)/WhereAmI.app/WhereAmI";
			};
			name = Debug;
		};
		775662371AA5727800B74919 /* Release */ = {
			isa = XCBuildConfiguration;
			buildSettings = {
				BUNDLE_LOADER = "$(TEST_HOST)";
				FRAMEWORK_SEARCH_PATHS = (
					"$(SDKROOT)/Developer/Library/Frameworks",
					"$(inherited)",
				);
				INFOPLIST_FILE = WhereAmITests/Info.plist;
				LD_RUNPATH_SEARCH_PATHS = "$(inherited) @executable_path/Frameworks @loader_path/Frameworks";
				PRODUCT_NAME = "$(TARGET_NAME)";
				TEST_HOST = "$(BUILT_PRODUCTS_DIR)/WhereAmI.app/WhereAmI";
			};
			name = Release;
		};
/* End XCBuildConfiguration section */

/* Begin XCConfigurationList section */
		7756620E1AA5727800B74919 /* Build configuration list for PBXProject "WhereAmI" */ = {
			isa = XCConfigurationList;
			buildConfigurations = (
				775662301AA5727800B74919 /* Debug */,
				775662311AA5727800B74919 /* Release */,
			);
			defaultConfigurationIsVisible = 0;
			defaultConfigurationName = Release;
		};
		775662321AA5727800B74919 /* Build configuration list for PBXNativeTarget "WhereAmI" */ = {
			isa = XCConfigurationList;
			buildConfigurations = (
				775662331AA5727800B74919 /* Debug */,
				775662341AA5727800B74919 /* Release */,
			);
			defaultConfigurationIsVisible = 0;
		};
		775662351AA5727800B74919 /* Build configuration list for PBXNativeTarget "WhereAmITests" */ = {
			isa = XCConfigurationList;
			buildConfigurations = (
				775662361AA5727800B74919 /* Debug */,
				775662371AA5727800B74919 /* Release */,
			);
			defaultConfigurationIsVisible = 0;
		};
/* End XCConfigurationList section */
	};
	rootObject = 7756620B1AA5727800B74919 /* Project object */;
}
